
Microsoft Visual Studio Solution File, Format Version 12.00
# Visual Studio Version 17
VisualStudioVersion = 17.0.31903.59
MinimumVisualStudioVersion = 10.0.40219.1
Project("{FAE04EC0-301F-11D3-BF4B-00C04F79EFBC}") = "LibHub.CatalogService.Api", "LibHub.CatalogService.Api\LibHub.CatalogService.Api.csproj", "{BBA0BC62-9B06-47F4-98DD-8AEB80CB19EB}"
EndProject
Global
	GlobalSection(SolutionConfigurationPlatforms) = preSolution
		Debug|Any CPU = Debug|Any CPU
		Release|Any CPU = Release|Any CPU
	EndGlobalSection
	GlobalSection(SolutionProperties) = preSolution
		HideSolutionNode = FALSE
	EndGlobalSection
	GlobalSection(ProjectConfigurationPlatforms) = postSolution
		{BBA0BC62-9B06-47F4-98DD-8AEB80CB19EB}.Debug|Any CPU.ActiveCfg = Debug|Any CPU
		{BBA0BC62-9B06-47F4-98DD-8AEB80CB19EB}.Debug|Any CPU.Build.0 = Debug|Any CPU
		{BBA0BC62-9B06-47F4-98DD-8AEB80CB19EB}.Release|Any CPU.ActiveCfg = Release|Any CPU
		{BBA0BC62-9B06-47F4-98DD-8AEB80CB19EB}.Release|Any CPU.Build.0 = Release|Any CPU
	EndGlobalSection
EndGlobal
